{
  "requires": true,
  "lockfileVersion": 1,
  "dependencies": {
    "@excaliburjs/excalibur-tiled": {
      "version": "2.3.0",
      "resolved": "https://registry.npmjs.org/@excaliburjs/excalibur-tiled/-/excalibur-tiled-2.3.0.tgz",
      "integrity": "sha512-+qoBlt6udSFetZXZo/sAzsfCYqcydZrypSzcyav8UirG3afGIjKhU2TzE8Y5CzuN7ReImz2Dga0vUi2OASyuPg=="
    },
    "eventemitter3": {
      "version": "3.0.1",
      "resolved": "https://registry.npmjs.org/eventemitter3/-/eventemitter3-3.0.1.tgz",
      "integrity": "sha512-QOCPu979MMWX9XNlfRZoin+Wm+bK1SP7vv3NGUniYwuSJK/+cPA10blMaeRgzg31RvoSFk6FsCDVa4vNryBTGA=="
    },
    "excalibur": {
      "version": "0.16.0",
      "resolved": "https://registry.npmjs.org/excalibur/-/excalibur-0.16.0.tgz",
      "integrity": "sha512-i+1CRe0GjUQ0aaz2A+iANzgmHjj44MUxvwCyoqVSF82V7ZaCHuUwZP+DBvNT690ShyekdObRfcmN9xQHWv/G7A=="
    },
    "phaser-ce": {
      "version": "2.10.3",
      "resolved": "https://registry.npmjs.org/phaser-ce/-/phaser-ce-2.10.3.tgz",
      "integrity": "sha1-NcxM98vlvsE5gbDx6nWaVLoAVjE="
    },
    "spotify-web-api-js": {
      "version": "0.24.0",
      "resolved": "https://registry.npmjs.org/spotify-web-api-js/-/spotify-web-api-js-0.24.0.tgz",
      "integrity": "sha512-V1fjYp2XVb5F+GYYTxSA2+KZh3S3EYMDJ+IIoy1DFWulWckXAsEz30qOi7NVWOghmU6+52QeH/xA3FKhrWevKA=="
    },
    "typescript": {
      "version": "2.8.3",
      "resolved": "https://registry.npmjs.org/typescript/-/typescript-2.8.3.tgz",
      "integrity": "sha512-K7g15Bb6Ra4lKf7Iq2l/I5/En+hLIHmxWZGq3D4DIRNFxMNV6j2SHSvDOqs2tGd4UvD/fJvrwopzQXjLrT7Itw=="
    }
  }
}
